
Microsoft Visual Studio Solution File, Format Version 12.00
# Visual Studio Version 17
VisualStudioVersion = 17.10.35004.147
MinimumVisualStudioVersion = 10.0.40219.1
Project("{FAE04EC0-301F-11D3-BF4B-00C04F79EFBC}") = "OOP-tql3", "OOP-tql3\OOP-tql3.csproj", "{1099A971-EE2E-4BB7-BF37-1DFED7C79A47}"
EndProject
Global
	GlobalSection(SolutionConfigurationPlatforms) = preSolution
		Debug|Any CPU = Debug|Any CPU
		Release|Any CPU = Release|Any CPU
	EndGlobalSection
	GlobalSection(ProjectConfigurationPlatforms) = postSolution
		{1099A971-EE2E-4BB7-BF37-1DFED7C79A47}.Debug|Any CPU.ActiveCfg = Debug|Any CPU
		{1099A971-EE2E-4BB7-BF37-1DFED7C79A47}.Debug|Any CPU.Build.0 = Debug|Any CPU
		{1099A971-EE2E-4BB7-BF37-1DFED7C79A47}.Release|Any CPU.ActiveCfg = Release|Any CPU
		{1099A971-EE2E-4BB7-BF37-1DFED7C79A47}.Release|Any CPU.Build.0 = Release|Any CPU
	EndGlobalSection
	GlobalSection(SolutionProperties) = preSolution
		HideSolutionNode = FALSE
	EndGlobalSection
	GlobalSection(ExtensibilityGlobals) = postSolution
		SolutionGuid = {360A1825-B64A-401F-A52F-4A0BD1A75C72}
	EndGlobalSection
EndGlobal
